// !$*UTF8*$!
{
	archiveVersion = 1;
	classes = {
	};
	objectVersion = 50;
	objects = {

/* Begin PBXBuildFile section */
		F73D622026EF91EC005C0805 /* AppDelegate.swift in Sources */ = {isa = PBXBuildFile; fileRef = F73D621F26EF91EC005C0805 /* AppDelegate.swift */; };
		F73D622426EF91EC005C0805 /* CountryListVC.swift in Sources */ = {isa = PBXBuildFile; fileRef = F73D622326EF91EC005C0805 /* CountryListVC.swift */; };
		F73D622926EF91ED005C0805 /* Assets.xcassets in Resources */ = {isa = PBXBuildFile; fileRef = F73D622826EF91ED005C0805 /* Assets.xcassets */; };
		F73D622C26EF91ED005C0805 /* LaunchScreen.storyboard in Resources */ = {isa = PBXBuildFile; fileRef = F73D622A26EF91ED005C0805 /* LaunchScreen.storyboard */; };
		F73D623626EF97D2005C0805 /* Language.swift in Sources */ = {isa = PBXBuildFile; fileRef = F73D623426EF97D2005C0805 /* Language.swift */; };
		F73D623726EF97D2005C0805 /* Country.swift in Sources */ = {isa = PBXBuildFile; fileRef = F73D623526EF97D2005C0805 /* Country.swift */; };
		F73D623A26EF985A005C0805 /* NetworkManager.swift in Sources */ = {isa = PBXBuildFile; fileRef = F73D623926EF985A005C0805 /* NetworkManager.swift */; };
		F73D623D26EF997F005C0805 /* DataLoadingVC.swift in Sources */ = {isa = PBXBuildFile; fileRef = F73D623C26EF997F005C0805 /* DataLoadingVC.swift */; };
		F73D624026EF9E05005C0805 /* UIHelper.swift in Sources */ = {isa = PBXBuildFile; fileRef = F73D623F26EF9E05005C0805 /* UIHelper.swift */; };
		F73D624226EF9EED005C0805 /* CountryCell.swift in Sources */ = {isa = PBXBuildFile; fileRef = F73D624126EF9EED005C0805 /* CountryCell.swift */; };
		F73D624726F08E5C005C0805 /* CountryDetailsVC.swift in Sources */ = {isa = PBXBuildFile; fileRef = F73D624626F08E5C005C0805 /* CountryDetailsVC.swift */; };
		F73D624926F093E3005C0805 /* Constants.swift in Sources */ = {isa = PBXBuildFile; fileRef = F73D624826F093E3005C0805 /* Constants.swift */; };
		F73D624B26F0AD74005C0805 /* CountryInfoView.swift in Sources */ = {isa = PBXBuildFile; fileRef = F73D624A26F0AD74005C0805 /* CountryInfoView.swift */; };
		F73D625126F0ADD8005C0805 /* PrimaryLabel.swift in Sources */ = {isa = PBXBuildFile; fileRef = F73D625026F0ADD8005C0805 /* PrimaryLabel.swift */; };
		F73D625326F0B1E5005C0805 /* SecondaryLabel.swift in Sources */ = {isa = PBXBuildFile; fileRef = F73D625226F0B1E5005C0805 /* SecondaryLabel.swift */; };
		F73D625526F0B451005C0805 /* UIImageView+Ext.swift in Sources */ = {isa = PBXBuildFile; fileRef = F73D625426F0B451005C0805 /* UIImageView+Ext.swift */; };
/* End PBXBuildFile section */

/* Begin PBXFileReference section */
		F73D621C26EF91EC005C0805 /* RebtelTakeHomeProject2.app */ = {isa = PBXFileReference; explicitFileType = wrapper.application; includeInIndex = 0; path = RebtelTakeHomeProject2.app; sourceTree = BUILT_PRODUCTS_DIR; };
		F73D621F26EF91EC005C0805 /* AppDelegate.swift */ = {isa = PBXFileReference; lastKnownFileType = sourcecode.swift; path = AppDelegate.swift; sourceTree = "<group>"; };
		F73D622326EF91EC005C0805 /* CountryListVC.swift */ = {isa = PBXFileReference; lastKnownFileType = sourcecode.swift; path = CountryListVC.swift; sourceTree = "<group>"; };
		F73D622826EF91ED005C0805 /* Assets.xcassets */ = {isa = PBXFileReference; lastKnownFileType = folder.assetcatalog; path = Assets.xcassets; sourceTree = "<group>"; };
		F73D622B26EF91ED005C0805 /* Base */ = {isa = PBXFileReference; lastKnownFileType = file.storyboard; name = Base; path = Base.lproj/LaunchScreen.storyboard; sourceTree = "<group>"; };
		F73D622D26EF91ED005C0805 /* Info.plist */ = {isa = PBXFileReference; lastKnownFileType = text.plist.xml; path = Info.plist; sourceTree = "<group>"; };
		F73D623426EF97D2005C0805 /* Language.swift */ = {isa = PBXFileReference; fileEncoding = 4; lastKnownFileType = sourcecode.swift; path = Language.swift; sourceTree = "<group>"; };
		F73D623526EF97D2005C0805 /* Country.swift */ = {isa = PBXFileReference; fileEncoding = 4; lastKnownFileType = sourcecode.swift; path = Country.swift; sourceTree = "<group>"; };
		F73D623926EF985A005C0805 /* NetworkManager.swift */ = {isa = PBXFileReference; fileEncoding = 4; lastKnownFileType = sourcecode.swift; path = NetworkManager.swift; sourceTree = "<group>"; };
		F73D623C26EF997F005C0805 /* DataLoadingVC.swift */ = {isa = PBXFileReference; lastKnownFileType = sourcecode.swift; path = DataLoadingVC.swift; sourceTree = "<group>"; };
		F73D623F26EF9E05005C0805 /* UIHelper.swift */ = {isa = PBXFileReference; lastKnownFileType = sourcecode.swift; path = UIHelper.swift; sourceTree = "<group>"; };
		F73D624126EF9EED005C0805 /* CountryCell.swift */ = {isa = PBXFileReference; lastKnownFileType = sourcecode.swift; path = CountryCell.swift; sourceTree = "<group>"; };
		F73D624626F08E5C005C0805 /* CountryDetailsVC.swift */ = {isa = PBXFileReference; lastKnownFileType = sourcecode.swift; path = CountryDetailsVC.swift; sourceTree = "<group>"; };
		F73D624826F093E3005C0805 /* Constants.swift */ = {isa = PBXFileReference; lastKnownFileType = sourcecode.swift; path = Constants.swift; sourceTree = "<group>"; };
		F73D624A26F0AD74005C0805 /* CountryInfoView.swift */ = {isa = PBXFileReference; lastKnownFileType = sourcecode.swift; path = CountryInfoView.swift; sourceTree = "<group>"; };
		F73D625026F0ADD8005C0805 /* PrimaryLabel.swift */ = {isa = PBXFileReference; lastKnownFileType = sourcecode.swift; path = PrimaryLabel.swift; sourceTree = "<group>"; };
		F73D625226F0B1E5005C0805 /* SecondaryLabel.swift */ = {isa = PBXFileReference; lastKnownFileType = sourcecode.swift; path = SecondaryLabel.swift; sourceTree = "<group>"; };
		F73D625426F0B451005C0805 /* UIImageView+Ext.swift */ = {isa = PBXFileReference; lastKnownFileType = sourcecode.swift; path = "UIImageView+Ext.swift"; sourceTree = "<group>"; };
/* End PBXFileReference section */

/* Begin PBXFrameworksBuildPhase section */
		F73D621926EF91EC005C0805 /* Frameworks */ = {
			isa = PBXFrameworksBuildPhase;
			buildActionMask = 2147483647;
			files = (
			);
			runOnlyForDeploymentPostprocessing = 0;
		};
/* End PBXFrameworksBuildPhase section */

/* Begin PBXGroup section */
		F73D621326EF91EC005C0805 = {
			isa = PBXGroup;
			children = (
				F73D621E26EF91EC005C0805 /* RebtelTakeHomeProject2 */,
				F73D621D26EF91EC005C0805 /* Products */,
			);
			sourceTree = "<group>";
		};
		F73D621D26EF91EC005C0805 /* Products */ = {
			isa = PBXGroup;
			children = (
				F73D621C26EF91EC005C0805 /* RebtelTakeHomeProject2.app */,
			);
			name = Products;
			sourceTree = "<group>";
		};
		F73D621E26EF91EC005C0805 /* RebtelTakeHomeProject2 */ = {
			isa = PBXGroup;
			children = (
				F73D625726F0B66F005C0805 /* Support */,
				F73D623E26EF9DF2005C0805 /* Utilities */,
				F73D624326EFA770005C0805 /* Extensions */,
				F73D623826EF984C005C0805 /* Managers */,
				F73D623326EF97B0005C0805 /* Models */,
				F73D623B26EF993C005C0805 /* Custom Views */,
				F73D625626F0B616005C0805 /* Screens */,
				F73D622D26EF91ED005C0805 /* Info.plist */,
			);
			path = RebtelTakeHomeProject2;
			sourceTree = "<group>";
		};
		F73D623326EF97B0005C0805 /* Models */ = {
			isa = PBXGroup;
			children = (
				F73D623526EF97D2005C0805 /* Country.swift */,
				F73D623426EF97D2005C0805 /* Language.swift */,
			);
			path = Models;
			sourceTree = "<group>";
		};
		F73D623826EF984C005C0805 /* Managers */ = {
			isa = PBXGroup;
			children = (
				F73D623926EF985A005C0805 /* NetworkManager.swift */,
			);
			path = Managers;
			sourceTree = "<group>";
		};
		F73D623B26EF993C005C0805 /* Custom Views */ = {
			isa = PBXGroup;
			children = (
				F73D625926F0B704005C0805 /* Cells */,
				F73D625826F0B6DD005C0805 /* Views */,
				F73D624C26F0ADA6005C0805 /* Labels */,
			);
			path = "Custom Views";
			sourceTree = "<group>";
		};
		F73D623E26EF9DF2005C0805 /* Utilities */ = {
			isa = PBXGroup;
			children = (
				F73D623F26EF9E05005C0805 /* UIHelper.swift */,
				F73D624826F093E3005C0805 /* Constants.swift */,
			);
			path = Utilities;
			sourceTree = "<group>";
		};
		F73D624326EFA770005C0805 /* Extensions */ = {
			isa = PBXGroup;
			children = (
				F73D625426F0B451005C0805 /* UIImageView+Ext.swift */,
			);
			path = Extensions;
			sourceTree = "<group>";
		};
		F73D624C26F0ADA6005C0805 /* Labels */ = {
			isa = PBXGroup;
			children = (
				F73D625026F0ADD8005C0805 /* PrimaryLabel.swift */,
				F73D625226F0B1E5005C0805 /* SecondaryLabel.swift */,
			);
			path = Labels;
			sourceTree = "<group>";
		};
		F73D625626F0B616005C0805 /* Screens */ = {
			isa = PBXGroup;
			children = (
				F73D622326EF91EC005C0805 /* CountryListVC.swift */,
				F73D624626F08E5C005C0805 /* CountryDetailsVC.swift */,
			);
			path = Screens;
			sourceTree = "<group>";
		};
		F73D625726F0B66F005C0805 /* Support */ = {
			isa = PBXGroup;
			children = (
				F73D621F26EF91EC005C0805 /* AppDelegate.swift */,
				F73D622826EF91ED005C0805 /* Assets.xcassets */,
				F73D622A26EF91ED005C0805 /* LaunchScreen.storyboard */,
			);
			path = Support;
			sourceTree = "<group>";
		};
		F73D625826F0B6DD005C0805 /* Views */ = {
			isa = PBXGroup;
			children = (
				F73D624A26F0AD74005C0805 /* CountryInfoView.swift */,
				F73D623C26EF997F005C0805 /* DataLoadingVC.swift */,
			);
			path = Views;
			sourceTree = "<group>";
		};
		F73D625926F0B704005C0805 /* Cells */ = {
			isa = PBXGroup;
			children = (
				F73D624126EF9EED005C0805 /* CountryCell.swift */,
			);
			path = Cells;
			sourceTree = "<group>";
		};
/* End PBXGroup section */

/* Begin PBXNativeTarget section */
		F73D621B26EF91EC005C0805 /* RebtelTakeHomeProject2 */ = {
			isa = PBXNativeTarget;
			buildConfigurationList = F73D623026EF91ED005C0805 /* Build configuration list for PBXNativeTarget "RebtelTakeHomeProject2" */;
			buildPhases = (
				F73D621826EF91EC005C0805 /* Sources */,
				F73D621926EF91EC005C0805 /* Frameworks */,
				F73D621A26EF91EC005C0805 /* Resources */,
			);
			buildRules = (
			);
			dependencies = (
			);
			name = RebtelTakeHomeProject2;
			productName = RebtelTakeHomeProject2;
			productReference = F73D621C26EF91EC005C0805 /* RebtelTakeHomeProject2.app */;
			productType = "com.apple.product-type.application";
		};
/* End PBXNativeTarget section */

/* Begin PBXProject section */
		F73D621426EF91EC005C0805 /* Project object */ = {
			isa = PBXProject;
			attributes = {
				LastSwiftUpdateCheck = 1250;
				LastUpgradeCheck = 1250;
				TargetAttributes = {
					F73D621B26EF91EC005C0805 = {
						CreatedOnToolsVersion = 12.5.1;
					};
				};
			};
			buildConfigurationList = F73D621726EF91EC005C0805 /* Build configuration list for PBXProject "RebtelTakeHomeProject2" */;
			compatibilityVersion = "Xcode 9.3";
			developmentRegion = en;
			hasScannedForEncodings = 0;
			knownRegions = (
				en,
				Base,
			);
			mainGroup = F73D621326EF91EC005C0805;
			productRefGroup = F73D621D26EF91EC005C0805 /* Products */;
			projectDirPath = "";
			projectRoot = "";
			targets = (
				F73D621B26EF91EC005C0805 /* RebtelTakeHomeProject2 */,
			);
		};
/* End PBXProject section */

/* Begin PBXResourcesBuildPhase section */
		F73D621A26EF91EC005C0805 /* Resources */ = {
			isa = PBXResourcesBuildPhase;
			buildActionMask = 2147483647;
			files = (
				F73D622C26EF91ED005C0805 /* LaunchScreen.storyboard in Resources */,
				F73D622926EF91ED005C0805 /* Assets.xcassets in Resources */,
			);
			runOnlyForDeploymentPostprocessing = 0;
		};
/* End PBXResourcesBuildPhase section */

/* Begin PBXSourcesBuildPhase section */
		F73D621826EF91EC005C0805 /* Sources */ = {
			isa = PBXSourcesBuildPhase;
			buildActionMask = 2147483647;
			files = (
				F73D624226EF9EED005C0805 /* CountryCell.swift in Sources */,
				F73D624926F093E3005C0805 /* Constants.swift in Sources */,
				F73D623726EF97D2005C0805 /* Country.swift in Sources */,
				F73D624726F08E5C005C0805 /* CountryDetailsVC.swift in Sources */,
				F73D623626EF97D2005C0805 /* Language.swift in Sources */,
				F73D623A26EF985A005C0805 /* NetworkManager.swift in Sources */,
				F73D625526F0B451005C0805 /* UIImageView+Ext.swift in Sources */,
				F73D625126F0ADD8005C0805 /* PrimaryLabel.swift in Sources */,
				F73D623D26EF997F005C0805 /* DataLoadingVC.swift in Sources */,
				F73D624B26F0AD74005C0805 /* CountryInfoView.swift in Sources */,
				F73D622426EF91EC005C0805 /* CountryListVC.swift in Sources */,
				F73D625326F0B1E5005C0805 /* SecondaryLabel.swift in Sources */,
				F73D622026EF91EC005C0805 /* AppDelegate.swift in Sources */,
				F73D624026EF9E05005C0805 /* UIHelper.swift in Sources */,
			);
			runOnlyForDeploymentPostprocessing = 0;
		};
/* End PBXSourcesBuildPhase section */

/* Begin PBXVariantGroup section */
		F73D622A26EF91ED005C0805 /* LaunchScreen.storyboard */ = {
			isa = PBXVariantGroup;
			children = (
				F73D622B26EF91ED005C0805 /* Base */,
			);
			name = LaunchScreen.storyboard;
			sourceTree = "<group>";
		};
/* End PBXVariantGroup section */

/* Begin XCBuildConfiguration section */
		F73D622E26EF91ED005C0805 /* Debug */ = {
			isa = XCBuildConfiguration;
			buildSettings = {
				ALWAYS_SEARCH_USER_PATHS = NO;
				CLANG_ANALYZER_NONNULL = YES;
				CLANG_ANALYZER_NUMBER_OBJECT_CONVERSION = YES_AGGRESSIVE;
				CLANG_CXX_LANGUAGE_STANDARD = "gnu++14";
				CLANG_CXX_LIBRARY = "libc++";
				CLANG_ENABLE_MODULES = YES;
				CLANG_ENABLE_OBJC_ARC = YES;
				CLANG_ENABLE_OBJC_WEAK = YES;
				CLANG_WARN_BLOCK_CAPTURE_AUTORELEASING = YES;
				CLANG_WARN_BOOL_CONVERSION = YES;
				CLANG_WARN_COMMA = YES;
				CLANG_WARN_CONSTANT_CONVERSION = YES;
				CLANG_WARN_DEPRECATED_OBJC_IMPLEMENTATIONS = YES;
				CLANG_WARN_DIRECT_OBJC_ISA_USAGE = YES_ERROR;
				CLANG_WARN_DOCUMENTATION_COMMENTS = YES;
				CLANG_WARN_EMPTY_BODY = YES;
				CLANG_WARN_ENUM_CONVERSION = YES;
				CLANG_WARN_INFINITE_RECURSION = YES;
				CLANG_WARN_INT_CONVERSION = YES;
				CLANG_WARN_NON_LITERAL_NULL_CONVERSION = YES;
				CLANG_WARN_OBJC_IMPLICIT_RETAIN_SELF = YES;
				CLANG_WARN_OBJC_LITERAL_CONVERSION = YES;
				CLANG_WARN_OBJC_ROOT_CLASS = YES_ERROR;
				CLANG_WARN_QUOTED_INCLUDE_IN_FRAMEWORK_HEADER = YES;
				CLANG_WARN_RANGE_LOOP_ANALYSIS = YES;
				CLANG_WARN_STRICT_PROTOTYPES = YES;
				CLANG_WARN_SUSPICIOUS_MOVE = YES;
				CLANG_WARN_UNGUARDED_AVAILABILITY = YES_AGGRESSIVE;
				CLANG_WARN_UNREACHABLE_CODE = YES;
				CLANG_WARN__DUPLICATE_METHOD_MATCH = YES;
				COPY_PHASE_STRIP = NO;
				DEBUG_INFORMATION_FORMAT = dwarf;
				ENABLE_STRICT_OBJC_MSGSEND = YES;
				ENABLE_TESTABILITY = YES;
				GCC_C_LANGUAGE_STANDARD = gnu11;
				GCC_DYNAMIC_NO_PIC = NO;
				GCC_NO_COMMON_BLOCKS = YES;
				GCC_OPTIMIZATION_LEVEL = 0;
				GCC_PREPROCESSOR_DEFINITIONS = (
					"DEBUG=1",
					"$(inherited)",
				);
				GCC_WARN_64_TO_32_BIT_CONVERSION = YES;
				GCC_WARN_ABOUT_RETURN_TYPE = YES_ERROR;
				GCC_WARN_UNDECLARED_SELECTOR = YES;
				GCC_WARN_UNINITIALIZED_AUTOS = YES_AGGRESSIVE;
				GCC_WARN_UNUSED_FUNCTION = YES;
				GCC_WARN_UNUSED_VARIABLE = YES;
				IPHONEOS_DEPLOYMENT_TARGET = 14.5;
				MTL_ENABLE_DEBUG_INFO = INCLUDE_SOURCE;
				MTL_FAST_MATH = YES;
				ONLY_ACTIVE_ARCH = YES;
				SDKROOT = iphoneos;
				SWIFT_ACTIVE_COMPILATION_CONDITIONS = DEBUG;
				SWIFT_OPTIMIZATION_LEVEL = "-Onone";
			};
			name = Debug;
		};
		F73D622F26EF91ED005C0805 /* Release */ = {
			isa = XCBuildConfiguration;
			buildSettings = {
				ALWAYS_SEARCH_USER_PATHS = NO;
				CLANG_ANALYZER_NONNULL = YES;
				CLANG_ANALYZER_NUMBER_OBJECT_CONVERSION = YES_AGGRESSIVE;
				CLANG_CXX_LANGUAGE_STANDARD = "gnu++14";
				CLANG_CXX_LIBRARY = "libc++";
				CLANG_ENABLE_MODULES = YES;
				CLANG_ENABLE_OBJC_ARC = YES;
				CLANG_ENABLE_OBJC_WEAK = YES;
				CLANG_WARN_BLOCK_CAPTURE_AUTORELEASING = YES;
				CLANG_WARN_BOOL_CONVERSION = YES;
				CLANG_WARN_COMMA = YES;
				CLANG_WARN_CONSTANT_CONVERSION = YES;
				CLANG_WARN_DEPRECATED_OBJC_IMPLEMENTATIONS = YES;
				CLANG_WARN_DIRECT_OBJC_ISA_USAGE = YES_ERROR;
				CLANG_WARN_DOCUMENTATION_COMMENTS = YES;
				CLANG_WARN_EMPTY_BODY = YES;
				CLANG_WARN_ENUM_CONVERSION = YES;
				CLANG_WARN_INFINITE_RECURSION = YES;
				CLANG_WARN_INT_CONVERSION = YES;
				CLANG_WARN_NON_LITERAL_NULL_CONVERSION = YES;
				CLANG_WARN_OBJC_IMPLICIT_RETAIN_SELF = YES;
				CLANG_WARN_OBJC_LITERAL_CONVERSION = YES;
				CLANG_WARN_OBJC_ROOT_CLASS = YES_ERROR;
				CLANG_WARN_QUOTED_INCLUDE_IN_FRAMEWORK_HEADER = YES;
				CLANG_WARN_RANGE_LOOP_ANALYSIS = YES;
				CLANG_WARN_STRICT_PROTOTYPES = YES;
				CLANG_WARN_SUSPICIOUS_MOVE = YES;
				CLANG_WARN_UNGUARDED_AVAILABILITY = YES_AGGRESSIVE;
				CLANG_WARN_UNREACHABLE_CODE = YES;
				CLANG_WARN__DUPLICATE_METHOD_MATCH = YES;
				COPY_PHASE_STRIP = NO;
				DEBUG_INFORMATION_FORMAT = "dwarf-with-dsym";
				ENABLE_NS_ASSERTIONS = NO;
				ENABLE_STRICT_OBJC_MSGSEND = YES;
				GCC_C_LANGUAGE_STANDARD = gnu11;
				GCC_NO_COMMON_BLOCKS = YES;
				GCC_WARN_64_TO_32_BIT_CONVERSION = YES;
				GCC_WARN_ABOUT_RETURN_TYPE = YES_ERROR;
				GCC_WARN_UNDECLARED_SELECTOR = YES;
				GCC_WARN_UNINITIALIZED_AUTOS = YES_AGGRESSIVE;
				GCC_WARN_UNUSED_FUNCTION = YES;
				GCC_WARN_UNUSED_VARIABLE = YES;
				IPHONEOS_DEPLOYMENT_TARGET = 14.5;
				MTL_ENABLE_DEBUG_INFO = NO;
				MTL_FAST_MATH = YES;
				SDKROOT = iphoneos;
				SWIFT_COMPILATION_MODE = wholemodule;
				SWIFT_OPTIMIZATION_LEVEL = "-O";
				VALIDATE_PRODUCT = YES;
			};
			name = Release;
		};
		F73D623126EF91ED005C0805 /* Debug */ = {
			isa = XCBuildConfiguration;
			buildSettings = {
				ASSETCATALOG_COMPILER_APPICON_NAME = AppIcon;
				ASSETCATALOG_COMPILER_GLOBAL_ACCENT_COLOR_NAME = AccentColor;
				CODE_SIGN_STYLE = Automatic;
				DEVELOPMENT_TEAM = 44R578XWNJ;
				INFOPLIST_FILE = RebtelTakeHomeProject2/Info.plist;
				IPHONEOS_DEPLOYMENT_TARGET = 11.0;
				LD_RUNPATH_SEARCH_PATHS = (
					"$(inherited)",
					"@executable_path/Frameworks",
				);
				PRODUCT_BUNDLE_IDENTIFIER = se.becool.RebtelTakeHomeProject2;
				PRODUCT_NAME = "$(TARGET_NAME)";
				SWIFT_VERSION = 5.0;
				TARGETED_DEVICE_FAMILY = "1,2";
			};
			name = Debug;
		};
		F73D623226EF91ED005C0805 /* Release */ = {
			isa = XCBuildConfiguration;
			buildSettings = {
				ASSETCATALOG_COMPILER_APPICON_NAME = AppIcon;
				ASSETCATALOG_COMPILER_GLOBAL_ACCENT_COLOR_NAME = AccentColor;
				CODE_SIGN_STYLE = Automatic;
				DEVELOPMENT_TEAM = 44R578XWNJ;
				INFOPLIST_FILE = RebtelTakeHomeProject2/Info.plist;
				IPHONEOS_DEPLOYMENT_TARGET = 11.0;
				LD_RUNPATH_SEARCH_PATHS = (
					"$(inherited)",
					"@executable_path/Frameworks",
				);
				PRODUCT_BUNDLE_IDENTIFIER = se.becool.RebtelTakeHomeProject2;
				PRODUCT_NAME = "$(TARGET_NAME)";
				SWIFT_VERSION = 5.0;
				TARGETED_DEVICE_FAMILY = "1,2";
			};
			name = Release;
		};
/* End XCBuildConfiguration section */

/* Begin XCConfigurationList section */
		F73D621726EF91EC005C0805 /* Build configuration list for PBXProject "RebtelTakeHomeProject2" */ = {
			isa = XCConfigurationList;
			buildConfigurations = (
				F73D622E26EF91ED005C0805 /* Debug */,
				F73D622F26EF91ED005C0805 /* Release */,
			);
			defaultConfigurationIsVisible = 0;
			defaultConfigurationName = Release;
		};
		F73D623026EF91ED005C0805 /* Build configuration list for PBXNativeTarget "RebtelTakeHomeProject2" */ = {
			isa = XCConfigurationList;
			buildConfigurations = (
				F73D623126EF91ED005C0805 /* Debug */,
				F73D623226EF91ED005C0805 /* Release */,
			);
			defaultConfigurationIsVisible = 0;
			defaultConfigurationName = Release;
		};
/* End XCConfigurationList section */
	};
	rootObject = F73D621426EF91EC005C0805 /* Project object */;
}
